
Microsoft Visual Studio Solution File, Format Version 12.00
# Visual Studio Version 17
VisualStudioVersion = 17.1.32210.238
MinimumVisualStudioVersion = 10.0.40219.1
Project("{FAE04EC0-301F-11D3-BF4B-00C04F79EFBC}") = "TourismExpanded", "TourismExpanded\TourismExpanded.csproj", "{B7432A31-35FC-4F8D-B1DE-F4C71335C9F3}"
EndProject
Global
	GlobalSection(SolutionConfigurationPlatforms) = preSolution
		Debug|Any CPU = Debug|Any CPU
		Release|Any CPU = Release|Any CPU
	EndGlobalSection
	GlobalSection(ProjectConfigurationPlatforms) = postSolution
		{B7432A31-35FC-4F8D-B1DE-F4C71335C9F3}.Debug|Any CPU.ActiveCfg = Debug|Any CPU
		{B7432A31-35FC-4F8D-B1DE-F4C71335C9F3}.Debug|Any CPU.Build.0 = Debug|Any CPU
		{B7432A31-35FC-4F8D-B1DE-F4C71335C9F3}.Release|Any CPU.ActiveCfg = Release|Any CPU
		{B7432A31-35FC-4F8D-B1DE-F4C71335C9F3}.Release|Any CPU.Build.0 = Release|Any CPU
	EndGlobalSection
	GlobalSection(SolutionProperties) = preSolution
		HideSolutionNode = FALSE
	EndGlobalSection
	GlobalSection(ExtensibilityGlobals) = postSolution
		SolutionGuid = {5E8A1928-D1C0-4D71-BCD5-C08146E76B32}
	EndGlobalSection
EndGlobal
